
Microsoft Visual Studio Solution File, Format Version 12.00
# Visual Studio Version 16
VisualStudioVersion = 16.0.31424.327
MinimumVisualStudioVersion = 10.0.40219.1
Project("{FAE04EC0-301F-11D3-BF4B-00C04F79EFBC}") = "GMcriterion", "ConsoleApp1\GMcriterion.csproj", "{C1CF3C33-0B2B-41BF-A715-E54C737E10E3}"
EndProject
Global
	GlobalSection(SolutionConfigurationPlatforms) = preSolution
		Debug|Any CPU = Debug|Any CPU
		Release|Any CPU = Release|Any CPU
	EndGlobalSection
	GlobalSection(ProjectConfigurationPlatforms) = postSolution
		{C1CF3C33-0B2B-41BF-A715-E54C737E10E3}.Debug|Any CPU.ActiveCfg = Debug|Any CPU
		{C1CF3C33-0B2B-41BF-A715-E54C737E10E3}.Debug|Any CPU.Build.0 = Debug|Any CPU
		{C1CF3C33-0B2B-41BF-A715-E54C737E10E3}.Release|Any CPU.ActiveCfg = Release|Any CPU
		{C1CF3C33-0B2B-41BF-A715-E54C737E10E3}.Release|Any CPU.Build.0 = Release|Any CPU
	EndGlobalSection
	GlobalSection(SolutionProperties) = preSolution
		HideSolutionNode = FALSE
	EndGlobalSection
	GlobalSection(ExtensibilityGlobals) = postSolution
		SolutionGuid = {B2187C1A-509D-4EA0-99FA-D4D146051873}
	EndGlobalSection
EndGlobal
